// !$*UTF8*$!
{
	archiveVersion = 1;
	classes = {
	};
	objectVersion = 46;
	objects = {

/* Begin PBXBuildFile section */
		CC95E93B1D87834800120595 /* AppDelegate.swift in Sources */ = {isa = PBXBuildFile; fileRef = CC95E93A1D87834800120595 /* AppDelegate.swift */; };
		CC95E93D1D87834800120595 /* ViewController.swift in Sources */ = {isa = PBXBuildFile; fileRef = CC95E93C1D87834800120595 /* ViewController.swift */; };
		CC95E9401D87834800120595 /* Main.storyboard in Resources */ = {isa = PBXBuildFile; fileRef = CC95E93E1D87834800120595 /* Main.storyboard */; };
		CC95E9421D87834800120595 /* Assets.xcassets in Resources */ = {isa = PBXBuildFile; fileRef = CC95E9411D87834800120595 /* Assets.xcassets */; };
		CC95E9451D87834800120595 /* LaunchScreen.storyboard in Resources */ = {isa = PBXBuildFile; fileRef = CC95E9431D87834800120595 /* LaunchScreen.storyboard */; };
/* End PBXBuildFile section */

/* Begin PBXFileReference section */
		CC95E9371D87834800120595 /* swift_simple_video_client.app */ = {isa = PBXFileReference; explicitFileType = wrapper.application; includeInIndex = 0; path = swift_simple_video_client.app; sourceTree = BUILT_PRODUCTS_DIR; };
		CC95E93A1D87834800120595 /* AppDelegate.swift */ = {isa = PBXFileReference; lastKnownFileType = sourcecode.swift; path = AppDelegate.swift; sourceTree = "<group>"; };
		CC95E93C1D87834800120595 /* ViewController.swift */ = {isa = PBXFileReference; lastKnownFileType = sourcecode.swift; path = ViewController.swift; sourceTree = "<group>"; };
		CC95E93F1D87834800120595 /* Base */ = {isa = PBXFileReference; lastKnownFileType = file.storyboard; name = Base; path = Base.lproj/Main.storyboard; sourceTree = "<group>"; };
		CC95E9411D87834800120595 /* Assets.xcassets */ = {isa = PBXFileReference; lastKnownFileType = folder.assetcatalog; path = Assets.xcassets; sourceTree = "<group>"; };
		CC95E9441D87834800120595 /* Base */ = {isa = PBXFileReference; lastKnownFileType = file.storyboard; name = Base; path = Base.lproj/LaunchScreen.storyboard; sourceTree = "<group>"; };
		CC95E9461D87834800120595 /* Info.plist */ = {isa = PBXFileReference; lastKnownFileType = text.plist.xml; path = Info.plist; sourceTree = "<group>"; };
/* End PBXFileReference section */

/* Begin PBXFrameworksBuildPhase section */
		CC95E9341D87834800120595 /* Frameworks */ = {
			isa = PBXFrameworksBuildPhase;
			buildActionMask = 2147483647;
			files = (
			);
			runOnlyForDeploymentPostprocessing = 0;
		};
/* End PBXFrameworksBuildPhase section */

/* Begin PBXGroup section */
		CC95E92E1D87834800120595 = {
			isa = PBXGroup;
			children = (
				CC95E9391D87834800120595 /* swift_simple_video_client */,
				CC95E9381D87834800120595 /* Products */,
			);
			sourceTree = "<group>";
		};
		CC95E9381D87834800120595 /* Products */ = {
			isa = PBXGroup;
			children = (
				CC95E9371D87834800120595 /* swift_simple_video_client.app */,
			);
			name = Products;
			sourceTree = "<group>";
		};
		CC95E9391D87834800120595 /* swift_simple_video_client */ = {
			isa = PBXGroup;
			children = (
				CC95E93A1D87834800120595 /* AppDelegate.swift */,
				CC95E93C1D87834800120595 /* ViewController.swift */,
				CC95E93E1D87834800120595 /* Main.storyboard */,
				CC95E9411D87834800120595 /* Assets.xcassets */,
				CC95E9431D87834800120595 /* LaunchScreen.storyboard */,
				CC95E9461D87834800120595 /* Info.plist */,
			);
			path = swift_simple_video_client;
			sourceTree = "<group>";
		};
/* End PBXGroup section */

/* Begin PBXNativeTarget section */
		CC95E9361D87834800120595 /* swift_simple_video_client */ = {
			isa = PBXNativeTarget;
			buildConfigurationList = CC95E9491D87834800120595 /* Build configuration list for PBXNativeTarget "swift_simple_video_client" */;
			buildPhases = (
				CC95E9331D87834800120595 /* Sources */,
				CC95E9341D87834800120595 /* Frameworks */,
				CC95E9351D87834800120595 /* Resources */,
			);
			buildRules = (
			);
			dependencies = (
			);
			name = swift_simple_video_client;
			productName = swift_simple_video_client;
			productReference = CC95E9371D87834800120595 /* swift_simple_video_client.app */;
			productType = "com.apple.product-type.application";
		};
/* End PBXNativeTarget section */

/* Begin PBXProject section */
		CC95E92F1D87834800120595 /* Project object */ = {
			isa = PBXProject;
			attributes = {
				LastSwiftUpdateCheck = 0730;
				LastUpgradeCheck = 0730;
				ORGANIZATIONNAME = Headstation;
				TargetAttributes = {
					CC95E9361D87834800120595 = {
						CreatedOnToolsVersion = 7.3.1;
					};
				};
			};
			buildConfigurationList = CC95E9321D87834800120595 /* Build configuration list for PBXProject "swift_simple_video_client" */;
			compatibilityVersion = "Xcode 3.2";
			developmentRegion = English;
			hasScannedForEncodings = 0;
			knownRegions = (
				en,
				Base,
			);
			mainGroup = CC95E92E1D87834800120595;
			productRefGroup = CC95E9381D87834800120595 /* Products */;
			projectDirPath = "";
			projectRoot = "";
			targets = (
				CC95E9361D87834800120595 /* swift_simple_video_client */,
			);
		};
/* End PBXProject section */

/* Begin PBXResourcesBuildPhase section */
		CC95E9351D87834800120595 /* Resources */ = {
			isa = PBXResourcesBuildPhase;
			buildActionMask = 2147483647;
			files = (
				CC95E9451D87834800120595 /* LaunchScreen.storyboard in Resources */,
				CC95E9421D87834800120595 /* Assets.xcassets in Resources */,
				CC95E9401D87834800120595 /* Main.storyboard in Resources */,
			);
			runOnlyForDeploymentPostprocessing = 0;
		};
/* End PBXResourcesBuildPhase section */

/* Begin PBXSourcesBuildPhase section */
		CC95E9331D87834800120595 /* Sources */ = {
			isa = PBXSourcesBuildPhase;
			buildActionMask = 2147483647;
			files = (
				CC95E93D1D87834800120595 /* ViewController.swift in Sources */,
				CC95E93B1D87834800120595 /* AppDelegate.swift in Sources */,
			);
			runOnlyForDeploymentPostprocessing = 0;
		};
/* End PBXSourcesBuildPhase section */

/* Begin PBXVariantGroup section */
		CC95E93E1D87834800120595 /* Main.storyboard */ = {
			isa = PBXVariantGroup;
			children = (
				CC95E93F1D87834800120595 /* Base */,
			);
			name = Main.storyboard;
			sourceTree = "<group>";
		};
		CC95E9431D87834800120595 /* LaunchScreen.storyboard */ = {
			isa = PBXVariantGroup;
			children = (
				CC95E9441D87834800120595 /* Base */,
			);
			name = LaunchScreen.storyboard;
			sourceTree = "<group>";
		};
/* End PBXVariantGroup section */

/* Begin XCBuildConfiguration section */
		CC95E9471D87834800120595 /* Debug */ = {
			isa = XCBuildConfiguration;
			buildSettings = {
				ALWAYS_SEARCH_USER_PATHS = NO;
				CLANG_ANALYZER_NONNULL = YES;
				CLANG_CXX_LANGUAGE_STANDARD = "gnu++0x";
				CLANG_CXX_LIBRARY = "libc++";
				CLANG_ENABLE_MODULES = YES;
				CLANG_ENABLE_OBJC_ARC = YES;
				CLANG_WARN_BOOL_CONVERSION = YES;
				CLANG_WARN_CONSTANT_CONVERSION = YES;
				CLANG_WARN_DIRECT_OBJC_ISA_USAGE = YES_ERROR;
				CLANG_WARN_EMPTY_BODY = YES;
				CLANG_WARN_ENUM_CONVERSION = YES;
				CLANG_WARN_INT_CONVERSION = YES;
				CLANG_WARN_OBJC_ROOT_CLASS = YES_ERROR;
				CLANG_WARN_UNREACHABLE_CODE = YES;
				CLANG_WARN__DUPLICATE_METHOD_MATCH = YES;
				"CODE_SIGN_IDENTITY[sdk=iphoneos*]" = "iPhone Developer";
				COPY_PHASE_STRIP = NO;
				DEBUG_INFORMATION_FORMAT = dwarf;
				ENABLE_STRICT_OBJC_MSGSEND = YES;
				ENABLE_TESTABILITY = YES;
				GCC_C_LANGUAGE_STANDARD = gnu99;
				GCC_DYNAMIC_NO_PIC = NO;
				GCC_NO_COMMON_BLOCKS = YES;
				GCC_OPTIMIZATION_LEVEL = 0;
				GCC_PREPROCESSOR_DEFINITIONS = (
					"DEBUG=1",
					"$(inherited)",
				);
				GCC_WARN_64_TO_32_BIT_CONVERSION = YES;
				GCC_WARN_ABOUT_RETURN_TYPE = YES_ERROR;
				GCC_WARN_UNDECLARED_SELECTOR = YES;
				GCC_WARN_UNINITIALIZED_AUTOS = YES_AGGRESSIVE;
				GCC_WARN_UNUSED_FUNCTION = YES;
				GCC_WARN_UNUSED_VARIABLE = YES;
				IPHONEOS_DEPLOYMENT_TARGET = 9.3;
				MTL_ENABLE_DEBUG_INFO = YES;
				ONLY_ACTIVE_ARCH = YES;
				SDKROOT = iphoneos;
				SWIFT_OPTIMIZATION_LEVEL = "-Onone";
				TARGETED_DEVICE_FAMILY = "1,2";
			};
			name = Debug;
		};
		CC95E9481D87834800120595 /* Release */ = {
			isa = XCBuildConfiguration;
			buildSettings = {
				ALWAYS_SEARCH_USER_PATHS = NO;
				CLANG_ANALYZER_NONNULL = YES;
				CLANG_CXX_LANGUAGE_STANDARD = "gnu++0x";
				CLANG_CXX_LIBRARY = "libc++";
				CLANG_ENABLE_MODULES = YES;
				CLANG_ENABLE_OBJC_ARC = YES;
				CLANG_WARN_BOOL_CONVERSION = YES;
				CLANG_WARN_CONSTANT_CONVERSION = YES;
				CLANG_WARN_DIRECT_OBJC_ISA_USAGE = YES_ERROR;
				CLANG_WARN_EMPTY_BODY = YES;
				CLANG_WARN_ENUM_CONVERSION = YES;
				CLANG_WARN_INT_CONVERSION = YES;
				CLANG_WARN_OBJC_ROOT_CLASS = YES_ERROR;
				CLANG_WARN_UNREACHABLE_CODE = YES;
				CLANG_WARN__DUPLICATE_METHOD_MATCH = YES;
				"CODE_SIGN_IDENTITY[sdk=iphoneos*]" = "iPhone Developer";
				COPY_PHASE_STRIP = NO;
				DEBUG_INFORMATION_FORMAT = "dwarf-with-dsym";
				ENABLE_NS_ASSERTIONS = NO;
				ENABLE_STRICT_OBJC_MSGSEND = YES;
				GCC_C_LANGUAGE_STANDARD = gnu99;
				GCC_NO_COMMON_BLOCKS = YES;
				GCC_WARN_64_TO_32_BIT_CONVERSION = YES;
				GCC_WARN_ABOUT_RETURN_TYPE = YES_ERROR;
				GCC_WARN_UNDECLARED_SELECTOR = YES;
				GCC_WARN_UNINITIALIZED_AUTOS = YES_AGGRESSIVE;
				GCC_WARN_UNUSED_FUNCTION = YES;
				GCC_WARN_UNUSED_VARIABLE = YES;
				IPHONEOS_DEPLOYMENT_TARGET = 9.3;
				MTL_ENABLE_DEBUG_INFO = NO;
				SDKROOT = iphoneos;
				TARGETED_DEVICE_FAMILY = "1,2";
				VALIDATE_PRODUCT = YES;
			};
			name = Release;
		};
		CC95E94A1D87834800120595 /* Debug */ = {
			isa = XCBuildConfiguration;
			buildSettings = {
				ASSETCATALOG_COMPILER_APPICON_NAME = AppIcon;
				INFOPLIST_FILE = swift_simple_video_client/Info.plist;
				LD_RUNPATH_SEARCH_PATHS = "$(inherited) @executable_path/Frameworks";
				PRODUCT_BUNDLE_IDENTIFIER = "com.headstation.swift-simple-video-client";
				PRODUCT_NAME = "$(TARGET_NAME)";
			};
			name = Debug;
		};
		CC95E94B1D87834800120595 /* Release */ = {
			isa = XCBuildConfiguration;
			buildSettings = {
				ASSETCATALOG_COMPILER_APPICON_NAME = AppIcon;
				INFOPLIST_FILE = swift_simple_video_client/Info.plist;
				LD_RUNPATH_SEARCH_PATHS = "$(inherited) @executable_path/Frameworks";
				PRODUCT_BUNDLE_IDENTIFIER = "com.headstation.swift-simple-video-client";
				PRODUCT_NAME = "$(TARGET_NAME)";
			};
			name = Release;
		};
/* End XCBuildConfiguration section */

/* Begin XCConfigurationList section */
		CC95E9321D87834800120595 /* Build configuration list for PBXProject "swift_simple_video_client" */ = {
			isa = XCConfigurationList;
			buildConfigurations = (
				CC95E9471D87834800120595 /* Debug */,
				CC95E9481D87834800120595 /* Release */,
			);
			defaultConfigurationIsVisible = 0;
			defaultConfigurationName = Release;
		};
		CC95E9491D87834800120595 /* Build configuration list for PBXNativeTarget "swift_simple_video_client" */ = {
			isa = XCConfigurationList;
			buildConfigurations = (
				CC95E94A1D87834800120595 /* Debug */,
				CC95E94B1D87834800120595 /* Release */,
			);
			defaultConfigurationIsVisible = 0;
		};
/* End XCConfigurationList section */
	};
	rootObject = CC95E92F1D87834800120595 /* Project object */;
}
